
Microsoft Visual Studio Solution File, Format Version 12.00
# Visual Studio Version 16
VisualStudioVersion = 16.0.31424.327
MinimumVisualStudioVersion = 10.0.40219.1
Project("{9A19103F-16F7-4668-BE54-9A1E7A4F7556}") = "PowerTask", "PowerTask\PowerTask.csproj", "{388CF06E-4525-4A9D-891C-6D675EE932D7}"
EndProject
Project("{9A19103F-16F7-4668-BE54-9A1E7A4F7556}") = "BasicLibrary", "BasicLibrary\BasicLibrary.csproj", "{97739CDC-A9AA-45A7-BAF2-D8069D988BB7}"
EndProject
Global
	GlobalSection(SolutionConfigurationPlatforms) = preSolution
		Debug|Any CPU = Debug|Any CPU
		Release|Any CPU = Release|Any CPU
	EndGlobalSection
	GlobalSection(ProjectConfigurationPlatforms) = postSolution
		{388CF06E-4525-4A9D-891C-6D675EE932D7}.Debug|Any CPU.ActiveCfg = Debug|Any CPU
		{388CF06E-4525-4A9D-891C-6D675EE932D7}.Debug|Any CPU.Build.0 = Debug|Any CPU
		{388CF06E-4525-4A9D-891C-6D675EE932D7}.Release|Any CPU.ActiveCfg = Release|Any CPU
		{388CF06E-4525-4A9D-891C-6D675EE932D7}.Release|Any CPU.Build.0 = Release|Any CPU
		{97739CDC-A9AA-45A7-BAF2-D8069D988BB7}.Debug|Any CPU.ActiveCfg = Debug|Any CPU
		{97739CDC-A9AA-45A7-BAF2-D8069D988BB7}.Debug|Any CPU.Build.0 = Debug|Any CPU
		{97739CDC-A9AA-45A7-BAF2-D8069D988BB7}.Release|Any CPU.ActiveCfg = Release|Any CPU
		{97739CDC-A9AA-45A7-BAF2-D8069D988BB7}.Release|Any CPU.Build.0 = Release|Any CPU
	EndGlobalSection
	GlobalSection(SolutionProperties) = preSolution
		HideSolutionNode = FALSE
	EndGlobalSection
	GlobalSection(ExtensibilityGlobals) = postSolution
		SolutionGuid = {BACE45B1-CD41-4BD3-8C71-A1530C90D00D}
	EndGlobalSection
EndGlobal
