
Microsoft Visual Studio Solution File, Format Version 12.00
# Visual Studio Version 17
VisualStudioVersion = 17.0.31912.275
MinimumVisualStudioVersion = 10.0.40219.1
Project("{9A19103F-16F7-4668-BE54-9A1E7A4F7556}") = "PowerTask", "PowerTask\PowerTask.csproj", "{63C41476-4981-4E10-BFE4-E5DCBA020E69}"
	ProjectSection(ProjectDependencies) = postProject
		{236E7D92-D5F2-414D-AA7C-EFABDDDE408E} = {236E7D92-D5F2-414D-AA7C-EFABDDDE408E}
	EndProjectSection
EndProject
Project("{9A19103F-16F7-4668-BE54-9A1E7A4F7556}") = "BasicLibrary", "BasicLibrary\BasicLibrary.csproj", "{236E7D92-D5F2-414D-AA7C-EFABDDDE408E}"
EndProject
Project("{9A19103F-16F7-4668-BE54-9A1E7A4F7556}") = "WinCron", "WinCron\WinCron.csproj", "{738F6F59-2F7A-4C34-BF7D-26AF91790FE8}"
EndProject
Project("{9A19103F-16F7-4668-BE54-9A1E7A4F7556}") = "WinCapt", "WinCapt\WinCapt.csproj", "{C9304E1E-1A75-4339-AA83-BFC942E97B6E}"
EndProject
Global
	GlobalSection(SolutionConfigurationPlatforms) = preSolution
		Debug|Any CPU = Debug|Any CPU
		Debug|ARM = Debug|ARM
		Debug|ARM64 = Debug|ARM64
		Debug|x64 = Debug|x64
		Debug|x86 = Debug|x86
		Release|Any CPU = Release|Any CPU
		Release|ARM = Release|ARM
		Release|ARM64 = Release|ARM64
		Release|x64 = Release|x64
		Release|x86 = Release|x86
	EndGlobalSection
	GlobalSection(ProjectConfigurationPlatforms) = postSolution
		{63C41476-4981-4E10-BFE4-E5DCBA020E69}.Debug|Any CPU.ActiveCfg = Debug|Any CPU
		{63C41476-4981-4E10-BFE4-E5DCBA020E69}.Debug|Any CPU.Build.0 = Debug|Any CPU
		{63C41476-4981-4E10-BFE4-E5DCBA020E69}.Debug|ARM.ActiveCfg = Debug|Any CPU
		{63C41476-4981-4E10-BFE4-E5DCBA020E69}.Debug|ARM.Build.0 = Debug|Any CPU
		{63C41476-4981-4E10-BFE4-E5DCBA020E69}.Debug|ARM64.ActiveCfg = Debug|Any CPU
		{63C41476-4981-4E10-BFE4-E5DCBA020E69}.Debug|ARM64.Build.0 = Debug|Any CPU
		{63C41476-4981-4E10-BFE4-E5DCBA020E69}.Debug|x64.ActiveCfg = Debug|x64
		{63C41476-4981-4E10-BFE4-E5DCBA020E69}.Debug|x64.Build.0 = Debug|x64
		{63C41476-4981-4E10-BFE4-E5DCBA020E69}.Debug|x86.ActiveCfg = Debug|Any CPU
		{63C41476-4981-4E10-BFE4-E5DCBA020E69}.Debug|x86.Build.0 = Debug|Any CPU
		{63C41476-4981-4E10-BFE4-E5DCBA020E69}.Release|Any CPU.ActiveCfg = Release|Any CPU
		{63C41476-4981-4E10-BFE4-E5DCBA020E69}.Release|Any CPU.Build.0 = Release|Any CPU
		{63C41476-4981-4E10-BFE4-E5DCBA020E69}.Release|ARM.ActiveCfg = Release|Any CPU
		{63C41476-4981-4E10-BFE4-E5DCBA020E69}.Release|ARM.Build.0 = Release|Any CPU
		{63C41476-4981-4E10-BFE4-E5DCBA020E69}.Release|ARM64.ActiveCfg = Release|Any CPU
		{63C41476-4981-4E10-BFE4-E5DCBA020E69}.Release|ARM64.Build.0 = Release|Any CPU
		{63C41476-4981-4E10-BFE4-E5DCBA020E69}.Release|x64.ActiveCfg = Release|x64
		{63C41476-4981-4E10-BFE4-E5DCBA020E69}.Release|x64.Build.0 = Release|x64
		{63C41476-4981-4E10-BFE4-E5DCBA020E69}.Release|x86.ActiveCfg = Release|Any CPU
		{63C41476-4981-4E10-BFE4-E5DCBA020E69}.Release|x86.Build.0 = Release|Any CPU
		{236E7D92-D5F2-414D-AA7C-EFABDDDE408E}.Debug|Any CPU.ActiveCfg = Debug|Any CPU
		{236E7D92-D5F2-414D-AA7C-EFABDDDE408E}.Debug|Any CPU.Build.0 = Debug|Any CPU
		{236E7D92-D5F2-414D-AA7C-EFABDDDE408E}.Debug|ARM.ActiveCfg = Debug|Any CPU
		{236E7D92-D5F2-414D-AA7C-EFABDDDE408E}.Debug|ARM.Build.0 = Debug|Any CPU
		{236E7D92-D5F2-414D-AA7C-EFABDDDE408E}.Debug|ARM64.ActiveCfg = Debug|Any CPU
		{236E7D92-D5F2-414D-AA7C-EFABDDDE408E}.Debug|ARM64.Build.0 = Debug|Any CPU
		{236E7D92-D5F2-414D-AA7C-EFABDDDE408E}.Debug|x64.ActiveCfg = Debug|x64
		{236E7D92-D5F2-414D-AA7C-EFABDDDE408E}.Debug|x64.Build.0 = Debug|x64
		{236E7D92-D5F2-414D-AA7C-EFABDDDE408E}.Debug|x86.ActiveCfg = Debug|Any CPU
		{236E7D92-D5F2-414D-AA7C-EFABDDDE408E}.Debug|x86.Build.0 = Debug|Any CPU
		{236E7D92-D5F2-414D-AA7C-EFABDDDE408E}.Release|Any CPU.ActiveCfg = Release|Any CPU
		{236E7D92-D5F2-414D-AA7C-EFABDDDE408E}.Release|Any CPU.Build.0 = Release|Any CPU
		{236E7D92-D5F2-414D-AA7C-EFABDDDE408E}.Release|ARM.ActiveCfg = Release|Any CPU
		{236E7D92-D5F2-414D-AA7C-EFABDDDE408E}.Release|ARM.Build.0 = Release|Any CPU
		{236E7D92-D5F2-414D-AA7C-EFABDDDE408E}.Release|ARM64.ActiveCfg = Release|Any CPU
		{236E7D92-D5F2-414D-AA7C-EFABDDDE408E}.Release|ARM64.Build.0 = Release|Any CPU
		{236E7D92-D5F2-414D-AA7C-EFABDDDE408E}.Release|x64.ActiveCfg = Release|x64
		{236E7D92-D5F2-414D-AA7C-EFABDDDE408E}.Release|x64.Build.0 = Release|x64
		{236E7D92-D5F2-414D-AA7C-EFABDDDE408E}.Release|x86.ActiveCfg = Release|Any CPU
		{236E7D92-D5F2-414D-AA7C-EFABDDDE408E}.Release|x86.Build.0 = Release|Any CPU
		{738F6F59-2F7A-4C34-BF7D-26AF91790FE8}.Debug|Any CPU.ActiveCfg = Debug|Any CPU
		{738F6F59-2F7A-4C34-BF7D-26AF91790FE8}.Debug|Any CPU.Build.0 = Debug|Any CPU
		{738F6F59-2F7A-4C34-BF7D-26AF91790FE8}.Debug|ARM.ActiveCfg = Debug|Any CPU
		{738F6F59-2F7A-4C34-BF7D-26AF91790FE8}.Debug|ARM.Build.0 = Debug|Any CPU
		{738F6F59-2F7A-4C34-BF7D-26AF91790FE8}.Debug|ARM64.ActiveCfg = Debug|Any CPU
		{738F6F59-2F7A-4C34-BF7D-26AF91790FE8}.Debug|ARM64.Build.0 = Debug|Any CPU
		{738F6F59-2F7A-4C34-BF7D-26AF91790FE8}.Debug|x64.ActiveCfg = Debug|x64
		{738F6F59-2F7A-4C34-BF7D-26AF91790FE8}.Debug|x64.Build.0 = Debug|x64
		{738F6F59-2F7A-4C34-BF7D-26AF91790FE8}.Debug|x86.ActiveCfg = Debug|Any CPU
		{738F6F59-2F7A-4C34-BF7D-26AF91790FE8}.Debug|x86.Build.0 = Debug|Any CPU
		{738F6F59-2F7A-4C34-BF7D-26AF91790FE8}.Release|Any CPU.ActiveCfg = Release|Any CPU
		{738F6F59-2F7A-4C34-BF7D-26AF91790FE8}.Release|Any CPU.Build.0 = Release|Any CPU
		{738F6F59-2F7A-4C34-BF7D-26AF91790FE8}.Release|ARM.ActiveCfg = Release|Any CPU
		{738F6F59-2F7A-4C34-BF7D-26AF91790FE8}.Release|ARM.Build.0 = Release|Any CPU
		{738F6F59-2F7A-4C34-BF7D-26AF91790FE8}.Release|ARM64.ActiveCfg = Release|Any CPU
		{738F6F59-2F7A-4C34-BF7D-26AF91790FE8}.Release|ARM64.Build.0 = Release|Any CPU
		{738F6F59-2F7A-4C34-BF7D-26AF91790FE8}.Release|x64.ActiveCfg = Release|x64
		{738F6F59-2F7A-4C34-BF7D-26AF91790FE8}.Release|x64.Build.0 = Release|x64
		{738F6F59-2F7A-4C34-BF7D-26AF91790FE8}.Release|x86.ActiveCfg = Release|Any CPU
		{738F6F59-2F7A-4C34-BF7D-26AF91790FE8}.Release|x86.Build.0 = Release|Any CPU
		{C9304E1E-1A75-4339-AA83-BFC942E97B6E}.Debug|Any CPU.ActiveCfg = Debug|Any CPU
		{C9304E1E-1A75-4339-AA83-BFC942E97B6E}.Debug|Any CPU.Build.0 = Debug|Any CPU
		{C9304E1E-1A75-4339-AA83-BFC942E97B6E}.Debug|ARM.ActiveCfg = Debug|Any CPU
		{C9304E1E-1A75-4339-AA83-BFC942E97B6E}.Debug|ARM.Build.0 = Debug|Any CPU
		{C9304E1E-1A75-4339-AA83-BFC942E97B6E}.Debug|ARM64.ActiveCfg = Debug|Any CPU
		{C9304E1E-1A75-4339-AA83-BFC942E97B6E}.Debug|ARM64.Build.0 = Debug|Any CPU
		{C9304E1E-1A75-4339-AA83-BFC942E97B6E}.Debug|x64.ActiveCfg = Debug|x64
		{C9304E1E-1A75-4339-AA83-BFC942E97B6E}.Debug|x64.Build.0 = Debug|x64
		{C9304E1E-1A75-4339-AA83-BFC942E97B6E}.Debug|x86.ActiveCfg = Debug|Any CPU
		{C9304E1E-1A75-4339-AA83-BFC942E97B6E}.Debug|x86.Build.0 = Debug|Any CPU
		{C9304E1E-1A75-4339-AA83-BFC942E97B6E}.Release|Any CPU.ActiveCfg = Release|Any CPU
		{C9304E1E-1A75-4339-AA83-BFC942E97B6E}.Release|Any CPU.Build.0 = Release|Any CPU
		{C9304E1E-1A75-4339-AA83-BFC942E97B6E}.Release|ARM.ActiveCfg = Release|Any CPU
		{C9304E1E-1A75-4339-AA83-BFC942E97B6E}.Release|ARM.Build.0 = Release|Any CPU
		{C9304E1E-1A75-4339-AA83-BFC942E97B6E}.Release|ARM64.ActiveCfg = Release|Any CPU
		{C9304E1E-1A75-4339-AA83-BFC942E97B6E}.Release|ARM64.Build.0 = Release|Any CPU
		{C9304E1E-1A75-4339-AA83-BFC942E97B6E}.Release|x64.ActiveCfg = Release|x64
		{C9304E1E-1A75-4339-AA83-BFC942E97B6E}.Release|x64.Build.0 = Release|x64
		{C9304E1E-1A75-4339-AA83-BFC942E97B6E}.Release|x86.ActiveCfg = Release|Any CPU
		{C9304E1E-1A75-4339-AA83-BFC942E97B6E}.Release|x86.Build.0 = Release|Any CPU
	EndGlobalSection
	GlobalSection(SolutionProperties) = preSolution
		HideSolutionNode = FALSE
	EndGlobalSection
	GlobalSection(ExtensibilityGlobals) = postSolution
		SolutionGuid = {55FF0472-6648-458E-AF92-8ADE513016C0}
	EndGlobalSection
EndGlobal
