<?xml version="1.0" encoding="utf-8"?>
<Project ToolsVersion="15.0" xmlns="http://schemas.microsoft.com/developer/msbuild/2003">
  <ItemGroup>
    <Filter Include="Resources">
      <UniqueIdentifier>accd3aa8-1ba0-4223-9bbe-0c431709210b</UniqueIdentifier>
      <Extensions>rc;ico;cur;bmp;dlg;rc2;rct;bin;rgs;gif;jpg;jpeg;jpe;resx;tga;tiff;tif;png;wav;mfcribbon-ms</Extensions>
    </Filter>
    <Filter Include="Generated Files">
      <UniqueIdentifier>{926ab91d-31b4-48c3-b9a4-e681349f27f0}</UniqueIdentifier>
    </Filter>
    <Filter Include="lib">
      <UniqueIdentifier>{bc3fdd66-3c68-4d2a-989f-a3a5f4d9a104}</UniqueIdentifier>
    </Filter>
  </ItemGroup>
  <ItemGroup>
    <ClCompile Include="pch.cpp" />
    <ClCompile Include="Class.cpp" />
    <ClCompile Include="$(GeneratedFilesDir)module.g.cpp" />
  </ItemGroup>
  <ItemGroup>
    <ClInclude Include="pch.h" />
    <ClInclude Include="composition.interop.h">
      <Filter>lib</Filter>
    </ClInclude>
    <ClInclude Include="d3dHelpers.h">
      <Filter>lib</Filter>
    </ClInclude>
    <ClInclude Include="direct3d11.interop.h">
      <Filter>lib</Filter>
    </ClInclude>
    <ClInclude Include="capture.interop.h">
      <Filter>lib</Filter>
    </ClInclude>
    <ClInclude Include="stb_image_write.h">
      <Filter>lib</Filter>
    </ClInclude>
  </ItemGroup>
  <ItemGroup>
    <Midl Include="Class.idl" />
  </ItemGroup>
  <ItemGroup>
    <None Include="WinRTLibrary.def" />
    <None Include="packages.config" />
  </ItemGroup>
  <ItemGroup>
    <None Include="PropertySheet.props" />
  </ItemGroup>
  <ItemGroup>
    <Text Include="readme.txt" />
  </ItemGroup>
</Project>